
Microsoft Visual Studio Solution File, Format Version 11.00
# Visual Studio 15
Project("{8BC9CEB8-8B4A-11D0-8D11-00A0C91BC942}") = "3d", "3d.vcxproj", "{3A82E275-185D-4EA7-B6BB-1146667D0218}"
EndProject
Project("{8BC9CEB8-8B4A-11D0-8D11-00A0C91BC942}") = "asyncio", "asyncio.vcxproj", "{6C08127C-E274-476F-8A7B-73E02F83C3BC}"
EndProject
Project("{8BC9CEB8-8B4A-11D0-8D11-00A0C91BC942}") = "channel_groups", "channel_groups.vcxproj", "{4BB6434F-2C90-4DC1-AB48-0C5AA031DA2F}"
EndProject
Project("{8BC9CEB8-8B4A-11D0-8D11-00A0C91BC942}") = "convolution_reverb", "convolution_reverb.vcxproj", "{368CF6B6-A4EF-44A1-A543-67AF2C2E4136}"
EndProject
Project("{8BC9CEB8-8B4A-11D0-8D11-00A0C91BC942}") = "dsp_custom", "dsp_custom.vcxproj", "{B01B8F96-569C-4550-8333-1D1D38492E8F}"
EndProject
Project("{8BC9CEB8-8B4A-11D0-8D11-00A0C91BC942}") = "dsp_effect_per_speaker", "dsp_effect_per_speaker.vcxproj", "{55AED9A2-9884-4C1C-8EF4-99AC487494E7}"
EndProject
Project("{8BC9CEB8-8B4A-11D0-8D11-00A0C91BC942}") = "dsp_inspector", "dsp_inspector.vcxproj", "{B3CDE6ED-0BCE-4021-9414-39912A1C8DED}"
EndProject
Project("{8BC9CEB8-8B4A-11D0-8D11-00A0C91BC942}") = "effects", "effects.vcxproj", "{B019A5F7-B732-4DD2-9740-092A81278520}"
EndProject
Project("{8BC9CEB8-8B4A-11D0-8D11-00A0C91BC942}") = "gapless_playback", "gapless_playback.vcxproj", "{CBF455DA-8AE7-4386-9520-5170389014F3}"
EndProject
Project("{8BC9CEB8-8B4A-11D0-8D11-00A0C91BC942}") = "generate_tone", "generate_tone.vcxproj", "{0B5FBD94-CDE4-45D7-9346-D8CF87B27660}"
EndProject
Project("{8BC9CEB8-8B4A-11D0-8D11-00A0C91BC942}") = "granular_synth", "granular_synth.vcxproj", "{8815456A-BCAE-412F-A6DC-BA25CD611B33}"
EndProject
Project("{8BC9CEB8-8B4A-11D0-8D11-00A0C91BC942}") = "load_from_memory", "load_from_memory.vcxproj", "{C3C7EB8F-FEC1-45C1-A207-B5BB7285D71B}"
EndProject
Project("{8BC9CEB8-8B4A-11D0-8D11-00A0C91BC942}") = "multiple_speaker", "multiple_speaker.vcxproj", "{CC70E47A-8331-4806-BDB2-90565F174674}"
EndProject
Project("{8BC9CEB8-8B4A-11D0-8D11-00A0C91BC942}") = "multiple_system", "multiple_system.vcxproj", "{7F5ABA8F-6464-4396-B014-8C2AD1768B88}"
EndProject
Project("{8BC9CEB8-8B4A-11D0-8D11-00A0C91BC942}") = "net_stream", "net_stream.vcxproj", "{CF1B2747-E7FD-4A29-9616-A1C5AA91B63F}"
EndProject
Project("{8BC9CEB8-8B4A-11D0-8D11-00A0C91BC942}") = "play_sound", "play_sound.vcxproj", "{040861F9-30BB-4271-ACA4-C55A9F2DD864}"
EndProject
Project("{8BC9CEB8-8B4A-11D0-8D11-00A0C91BC942}") = "play_stream", "play_stream.vcxproj", "{30D59C30-78A2-49E7-9460-8613E164B2FA}"
EndProject
Project("{8BC9CEB8-8B4A-11D0-8D11-00A0C91BC942}") = "record", "record.vcxproj", "{E6C13361-83F3-4482-B1E1-BD0461886BDE}"
EndProject
Project("{8BC9CEB8-8B4A-11D0-8D11-00A0C91BC942}") = "record_enumeration", "record_enumeration.vcxproj", "{6EFADB54-239A-43D1-A31B-E7687D1530D8}"
EndProject
Project("{8BC9CEB8-8B4A-11D0-8D11-00A0C91BC942}") = "user_created_sound", "user_created_sound.vcxproj", "{F12CCA8F-499C-4FA5-AB72-7CF6C71920A8}"
EndProject
Project("{8BC9CEB8-8B4A-11D0-8D11-00A0C91BC942}") = "fmod_codec_raw", "fmod_codec_raw.vcxproj", "{04DE2B90-4EA6-470A-BCD1-B52D01D68323}"
EndProject
Project("{8BC9CEB8-8B4A-11D0-8D11-00A0C91BC942}") = "fmod_distance_filter", "fmod_distance_filter.vcxproj", "{FD7B5281-69EF-47F2-B299-681B9A72AFCE}"
EndProject
Project("{8BC9CEB8-8B4A-11D0-8D11-00A0C91BC942}") = "fmod_gain", "fmod_gain.vcxproj", "{F9F5E72C-F59D-484F-833F-57EFA83AFB80}"
EndProject
Project("{8BC9CEB8-8B4A-11D0-8D11-00A0C91BC942}") = "fmod_noise", "fmod_noise.vcxproj", "{E4192EB6-8942-40BA-8B8F-920B5A92492B}"
EndProject
Project("{8BC9CEB8-8B4A-11D0-8D11-00A0C91BC942}") = "output_mp3", "output_mp3.vcxproj", "{E84D7EE1-8A9A-4BFA-A983-0BB8167BC6E8}"
EndProject
Global
	GlobalSection(SolutionConfigurationPlatforms) = preSolution
		Debug|Win32 = Debug|Win32
		Debug|x64 = Debug|x64
		Release|Win32 = Release|Win32
		Release|x64 = Release|x64
	EndGlobalSection
	GlobalSection(ProjectConfigurationPlatforms) = postSolution
		{3A82E275-185D-4EA7-B6BB-1146667D0218}.Debug|Win32.ActiveCfg = Debug|Win32
		{3A82E275-185D-4EA7-B6BB-1146667D0218}.Debug|Win32.Build.0 = Debug|Win32
		{3A82E275-185D-4EA7-B6BB-1146667D0218}.Debug|Win32.Deploy.0 = Debug|Win32
		{3A82E275-185D-4EA7-B6BB-1146667D0218}.Debug|x64.ActiveCfg = Debug|x64
		{3A82E275-185D-4EA7-B6BB-1146667D0218}.Debug|x64.Build.0 = Debug|x64
		{3A82E275-185D-4EA7-B6BB-1146667D0218}.Debug|x64.Deploy.0 = Debug|x64
		{3A82E275-185D-4EA7-B6BB-1146667D0218}.Release|Win32.ActiveCfg = Release|Win32
		{3A82E275-185D-4EA7-B6BB-1146667D0218}.Release|Win32.Build.0 = Release|Win32
		{3A82E275-185D-4EA7-B6BB-1146667D0218}.Release|Win32.Deploy.0 = Release|Win32
		{3A82E275-185D-4EA7-B6BB-1146667D0218}.Release|x64.ActiveCfg = Release|x64
		{3A82E275-185D-4EA7-B6BB-1146667D0218}.Release|x64.Build.0 = Release|x64
		{3A82E275-185D-4EA7-B6BB-1146667D0218}.Release|x64.Deploy.0 = Release|x64
		{6C08127C-E274-476F-8A7B-73E02F83C3BC}.Debug|Win32.ActiveCfg = Debug|Win32
		{6C08127C-E274-476F-8A7B-73E02F83C3BC}.Debug|Win32.Build.0 = Debug|Win32
		{6C08127C-E274-476F-8A7B-73E02F83C3BC}.Debug|Win32.Deploy.0 = Debug|Win32
		{6C08127C-E274-476F-8A7B-73E02F83C3BC}.Debug|x64.ActiveCfg = Debug|x64
		{6C08127C-E274-476F-8A7B-73E02F83C3BC}.Debug|x64.Build.0 = Debug|x64
		{6C08127C-E274-476F-8A7B-73E02F83C3BC}.Debug|x64.Deploy.0 = Debug|x64
		{6C08127C-E274-476F-8A7B-73E02F83C3BC}.Release|Win32.ActiveCfg = Release|Win32
		{6C08127C-E274-476F-8A7B-73E02F83C3BC}.Release|Win32.Build.0 = Release|Win32
		{6C08127C-E274-476F-8A7B-73E02F83C3BC}.Release|Win32.Deploy.0 = Release|Win32
		{6C08127C-E274-476F-8A7B-73E02F83C3BC}.Release|x64.ActiveCfg = Release|x64
		{6C08127C-E274-476F-8A7B-73E02F83C3BC}.Release|x64.Build.0 = Release|x64
		{6C08127C-E274-476F-8A7B-73E02F83C3BC}.Release|x64.Deploy.0 = Release|x64
		{4BB6434F-2C90-4DC1-AB48-0C5AA031DA2F}.Debug|Win32.ActiveCfg = Debug|Win32
		{4BB6434F-2C90-4DC1-AB48-0C5AA031DA2F}.Debug|Win32.Build.0 = Debug|Win32
		{4BB6434F-2C90-4DC1-AB48-0C5AA031DA2F}.Debug|Win32.Deploy.0 = Debug|Win32
		{4BB6434F-2C90-4DC1-AB48-0C5AA031DA2F}.Debug|x64.ActiveCfg = Debug|x64
		{4BB6434F-2C90-4DC1-AB48-0C5AA031DA2F}.Debug|x64.Build.0 = Debug|x64
		{4BB6434F-2C90-4DC1-AB48-0C5AA031DA2F}.Debug|x64.Deploy.0 = Debug|x64
		{4BB6434F-2C90-4DC1-AB48-0C5AA031DA2F}.Release|Win32.ActiveCfg = Release|Win32
		{4BB6434F-2C90-4DC1-AB48-0C5AA031DA2F}.Release|Win32.Build.0 = Release|Win32
		{4BB6434F-2C90-4DC1-AB48-0C5AA031DA2F}.Release|Win32.Deploy.0 = Release|Win32
		{4BB6434F-2C90-4DC1-AB48-0C5AA031DA2F}.Release|x64.ActiveCfg = Release|x64
		{4BB6434F-2C90-4DC1-AB48-0C5AA031DA2F}.Release|x64.Build.0 = Release|x64
		{4BB6434F-2C90-4DC1-AB48-0C5AA031DA2F}.Release|x64.Deploy.0 = Release|x64
		{368CF6B6-A4EF-44A1-A543-67AF2C2E4136}.Debug|Win32.ActiveCfg = Debug|Win32
		{368CF6B6-A4EF-44A1-A543-67AF2C2E4136}.Debug|Win32.Build.0 = Debug|Win32
		{368CF6B6-A4EF-44A1-A543-67AF2C2E4136}.Debug|Win32.Deploy.0 = Debug|Win32
		{368CF6B6-A4EF-44A1-A543-67AF2C2E4136}.Debug|x64.ActiveCfg = Debug|x64
		{368CF6B6-A4EF-44A1-A543-67AF2C2E4136}.Debug|x64.Build.0 = Debug|x64
		{368CF6B6-A4EF-44A1-A543-67AF2C2E4136}.Debug|x64.Deploy.0 = Debug|x64
		{368CF6B6-A4EF-44A1-A543-67AF2C2E4136}.Release|Win32.ActiveCfg = Release|Win32
		{368CF6B6-A4EF-44A1-A543-67AF2C2E4136}.Release|Win32.Build.0 = Release|Win32
		{368CF6B6-A4EF-44A1-A543-67AF2C2E4136}.Release|Win32.Deploy.0 = Release|Win32
		{368CF6B6-A4EF-44A1-A543-67AF2C2E4136}.Release|x64.ActiveCfg = Release|x64
		{368CF6B6-A4EF-44A1-A543-67AF2C2E4136}.Release|x64.Build.0 = Release|x64
		{368CF6B6-A4EF-44A1-A543-67AF2C2E4136}.Release|x64.Deploy.0 = Release|x64
		{B01B8F96-569C-4550-8333-1D1D38492E8F}.Debug|Win32.ActiveCfg = Debug|Win32
		{B01B8F96-569C-4550-8333-1D1D38492E8F}.Debug|Win32.Build.0 = Debug|Win32
		{B01B8F96-569C-4550-8333-1D1D38492E8F}.Debug|Win32.Deploy.0 = Debug|Win32
		{B01B8F96-569C-4550-8333-1D1D38492E8F}.Debug|x64.ActiveCfg = Debug|x64
		{B01B8F96-569C-4550-8333-1D1D38492E8F}.Debug|x64.Build.0 = Debug|x64
		{B01B8F96-569C-4550-8333-1D1D38492E8F}.Debug|x64.Deploy.0 = Debug|x64
		{B01B8F96-569C-4550-8333-1D1D38492E8F}.Release|Win32.ActiveCfg = Release|Win32
		{B01B8F96-569C-4550-8333-1D1D38492E8F}.Release|Win32.Build.0 = Release|Win32
		{B01B8F96-569C-4550-8333-1D1D38492E8F}.Release|Win32.Deploy.0 = Release|Win32
		{B01B8F96-569C-4550-8333-1D1D38492E8F}.Release|x64.ActiveCfg = Release|x64
		{B01B8F96-569C-4550-8333-1D1D38492E8F}.Release|x64.Build.0 = Release|x64
		{B01B8F96-569C-4550-8333-1D1D38492E8F}.Release|x64.Deploy.0 = Release|x64
		{55AED9A2-9884-4C1C-8EF4-99AC487494E7}.Debug|Win32.ActiveCfg = Debug|Win32
		{55AED9A2-9884-4C1C-8EF4-99AC487494E7}.Debug|Win32.Build.0 = Debug|Win32
		{55AED9A2-9884-4C1C-8EF4-99AC487494E7}.Debug|Win32.Deploy.0 = Debug|Win32
		{55AED9A2-9884-4C1C-8EF4-99AC487494E7}.Debug|x64.ActiveCfg = Debug|x64
		{55AED9A2-9884-4C1C-8EF4-99AC487494E7}.Debug|x64.Build.0 = Debug|x64
		{55AED9A2-9884-4C1C-8EF4-99AC487494E7}.Debug|x64.Deploy.0 = Debug|x64
		{55AED9A2-9884-4C1C-8EF4-99AC487494E7}.Release|Win32.ActiveCfg = Release|Win32
		{55AED9A2-9884-4C1C-8EF4-99AC487494E7}.Release|Win32.Build.0 = Release|Win32
		{55AED9A2-9884-4C1C-8EF4-99AC487494E7}.Release|Win32.Deploy.0 = Release|Win32
		{55AED9A2-9884-4C1C-8EF4-99AC487494E7}.Release|x64.ActiveCfg = Release|x64
		{55AED9A2-9884-4C1C-8EF4-99AC487494E7}.Release|x64.Build.0 = Release|x64
		{55AED9A2-9884-4C1C-8EF4-99AC487494E7}.Release|x64.Deploy.0 = Release|x64
		{B3CDE6ED-0BCE-4021-9414-39912A1C8DED}.Debug|Win32.ActiveCfg = Debug|Win32
		{B3CDE6ED-0BCE-4021-9414-39912A1C8DED}.Debug|Win32.Build.0 = Debug|Win32
		{B3CDE6ED-0BCE-4021-9414-39912A1C8DED}.Debug|Win32.Deploy.0 = Debug|Win32
		{B3CDE6ED-0BCE-4021-9414-39912A1C8DED}.Debug|x64.ActiveCfg = Debug|x64
		{B3CDE6ED-0BCE-4021-9414-39912A1C8DED}.Debug|x64.Build.0 = Debug|x64
		{B3CDE6ED-0BCE-4021-9414-39912A1C8DED}.Debug|x64.Deploy.0 = Debug|x64
		{B3CDE6ED-0BCE-4021-9414-39912A1C8DED}.Release|Win32.ActiveCfg = Release|Win32
		{B3CDE6ED-0BCE-4021-9414-39912A1C8DED}.Release|Win32.Build.0 = Release|Win32
		{B3CDE6ED-0BCE-4021-9414-39912A1C8DED}.Release|Win32.Deploy.0 = Release|Win32
		{B3CDE6ED-0BCE-4021-9414-39912A1C8DED}.Release|x64.ActiveCfg = Release|x64
		{B3CDE6ED-0BCE-4021-9414-39912A1C8DED}.Release|x64.Build.0 = Release|x64
		{B3CDE6ED-0BCE-4021-9414-39912A1C8DED}.Release|x64.Deploy.0 = Release|x64
		{B019A5F7-B732-4DD2-9740-092A81278520}.Debug|Win32.ActiveCfg = Debug|Win32
		{B019A5F7-B732-4DD2-9740-092A81278520}.Debug|Win32.Build.0 = Debug|Win32
		{B019A5F7-B732-4DD2-9740-092A81278520}.Debug|Win32.Deploy.0 = Debug|Win32
		{B019A5F7-B732-4DD2-9740-092A81278520}.Debug|x64.ActiveCfg = Debug|x64
		{B019A5F7-B732-4DD2-9740-092A81278520}.Debug|x64.Build.0 = Debug|x64
		{B019A5F7-B732-4DD2-9740-092A81278520}.Debug|x64.Deploy.0 = Debug|x64
		{B019A5F7-B732-4DD2-9740-092A81278520}.Release|Win32.ActiveCfg = Release|Win32
		{B019A5F7-B732-4DD2-9740-092A81278520}.Release|Win32.Build.0 = Release|Win32
		{B019A5F7-B732-4DD2-9740-092A81278520}.Release|Win32.Deploy.0 = Release|Win32
		{B019A5F7-B732-4DD2-9740-092A81278520}.Release|x64.ActiveCfg = Release|x64
		{B019A5F7-B732-4DD2-9740-092A81278520}.Release|x64.Build.0 = Release|x64
		{B019A5F7-B732-4DD2-9740-092A81278520}.Release|x64.Deploy.0 = Release|x64
		{CBF455DA-8AE7-4386-9520-5170389014F3}.Debug|Win32.ActiveCfg = Debug|Win32
		{CBF455DA-8AE7-4386-9520-5170389014F3}.Debug|Win32.Build.0 = Debug|Win32
		{CBF455DA-8AE7-4386-9520-5170389014F3}.Debug|Win32.Deploy.0 = Debug|Win32
		{CBF455DA-8AE7-4386-9520-5170389014F3}.Debug|x64.ActiveCfg = Debug|x64
		{CBF455DA-8AE7-4386-9520-5170389014F3}.Debug|x64.Build.0 = Debug|x64
		{CBF455DA-8AE7-4386-9520-5170389014F3}.Debug|x64.Deploy.0 = Debug|x64
		{CBF455DA-8AE7-4386-9520-5170389014F3}.Release|Win32.ActiveCfg = Release|Win32
		{CBF455DA-8AE7-4386-9520-5170389014F3}.Release|Win32.Build.0 = Release|Win32
		{CBF455DA-8AE7-4386-9520-5170389014F3}.Release|Win32.Deploy.0 = Release|Win32
		{CBF455DA-8AE7-4386-9520-5170389014F3}.Release|x64.ActiveCfg = Release|x64
		{CBF455DA-8AE7-4386-9520-5170389014F3}.Release|x64.Build.0 = Release|x64
		{CBF455DA-8AE7-4386-9520-5170389014F3}.Release|x64.Deploy.0 = Release|x64
		{0B5FBD94-CDE4-45D7-9346-D8CF87B27660}.Debug|Win32.ActiveCfg = Debug|Win32
		{0B5FBD94-CDE4-45D7-9346-D8CF87B27660}.Debug|Win32.Build.0 = Debug|Win32
		{0B5FBD94-CDE4-45D7-9346-D8CF87B27660}.Debug|Win32.Deploy.0 = Debug|Win32
		{0B5FBD94-CDE4-45D7-9346-D8CF87B27660}.Debug|x64.ActiveCfg = Debug|x64
		{0B5FBD94-CDE4-45D7-9346-D8CF87B27660}.Debug|x64.Build.0 = Debug|x64
		{0B5FBD94-CDE4-45D7-9346-D8CF87B27660}.Debug|x64.Deploy.0 = Debug|x64
		{0B5FBD94-CDE4-45D7-9346-D8CF87B27660}.Release|Win32.ActiveCfg = Release|Win32
		{0B5FBD94-CDE4-45D7-9346-D8CF87B27660}.Release|Win32.Build.0 = Release|Win32
		{0B5FBD94-CDE4-45D7-9346-D8CF87B27660}.Release|Win32.Deploy.0 = Release|Win32
		{0B5FBD94-CDE4-45D7-9346-D8CF87B27660}.Release|x64.ActiveCfg = Release|x64
		{0B5FBD94-CDE4-45D7-9346-D8CF87B27660}.Release|x64.Build.0 = Release|x64
		{0B5FBD94-CDE4-45D7-9346-D8CF87B27660}.Release|x64.Deploy.0 = Release|x64
		{8815456A-BCAE-412F-A6DC-BA25CD611B33}.Debug|Win32.ActiveCfg = Debug|Win32
		{8815456A-BCAE-412F-A6DC-BA25CD611B33}.Debug|Win32.Build.0 = Debug|Win32
		{8815456A-BCAE-412F-A6DC-BA25CD611B33}.Debug|Win32.Deploy.0 = Debug|Win32
		{8815456A-BCAE-412F-A6DC-BA25CD611B33}.Debug|x64.ActiveCfg = Debug|x64
		{8815456A-BCAE-412F-A6DC-BA25CD611B33}.Debug|x64.Build.0 = Debug|x64
		{8815456A-BCAE-412F-A6DC-BA25CD611B33}.Debug|x64.Deploy.0 = Debug|x64
		{8815456A-BCAE-412F-A6DC-BA25CD611B33}.Release|Win32.ActiveCfg = Release|Win32
		{8815456A-BCAE-412F-A6DC-BA25CD611B33}.Release|Win32.Build.0 = Release|Win32
		{8815456A-BCAE-412F-A6DC-BA25CD611B33}.Release|Win32.Deploy.0 = Release|Win32
		{8815456A-BCAE-412F-A6DC-BA25CD611B33}.Release|x64.ActiveCfg = Release|x64
		{8815456A-BCAE-412F-A6DC-BA25CD611B33}.Release|x64.Build.0 = Release|x64
		{8815456A-BCAE-412F-A6DC-BA25CD611B33}.Release|x64.Deploy.0 = Release|x64
		{C3C7EB8F-FEC1-45C1-A207-B5BB7285D71B}.Debug|Win32.ActiveCfg = Debug|Win32
		{C3C7EB8F-FEC1-45C1-A207-B5BB7285D71B}.Debug|Win32.Build.0 = Debug|Win32
		{C3C7EB8F-FEC1-45C1-A207-B5BB7285D71B}.Debug|Win32.Deploy.0 = Debug|Win32
		{C3C7EB8F-FEC1-45C1-A207-B5BB7285D71B}.Debug|x64.ActiveCfg = Debug|x64
		{C3C7EB8F-FEC1-45C1-A207-B5BB7285D71B}.Debug|x64.Build.0 = Debug|x64
		{C3C7EB8F-FEC1-45C1-A207-B5BB7285D71B}.Debug|x64.Deploy.0 = Debug|x64
		{C3C7EB8F-FEC1-45C1-A207-B5BB7285D71B}.Release|Win32.ActiveCfg = Release|Win32
		{C3C7EB8F-FEC1-45C1-A207-B5BB7285D71B}.Release|Win32.Build.0 = Release|Win32
		{C3C7EB8F-FEC1-45C1-A207-B5BB7285D71B}.Release|Win32.Deploy.0 = Release|Win32
		{C3C7EB8F-FEC1-45C1-A207-B5BB7285D71B}.Release|x64.ActiveCfg = Release|x64
		{C3C7EB8F-FEC1-45C1-A207-B5BB7285D71B}.Release|x64.Build.0 = Release|x64
		{C3C7EB8F-FEC1-45C1-A207-B5BB7285D71B}.Release|x64.Deploy.0 = Release|x64
		{CC70E47A-8331-4806-BDB2-90565F174674}.Debug|Win32.ActiveCfg = Debug|Win32
		{CC70E47A-8331-4806-BDB2-90565F174674}.Debug|Win32.Build.0 = Debug|Win32
		{CC70E47A-8331-4806-BDB2-90565F174674}.Debug|Win32.Deploy.0 = Debug|Win32
		{CC70E47A-8331-4806-BDB2-90565F174674}.Debug|x64.ActiveCfg = Debug|x64
		{CC70E47A-8331-4806-BDB2-90565F174674}.Debug|x64.Build.0 = Debug|x64
		{CC70E47A-8331-4806-BDB2-90565F174674}.Debug|x64.Deploy.0 = Debug|x64
		{CC70E47A-8331-4806-BDB2-90565F174674}.Release|Win32.ActiveCfg = Release|Win32
		{CC70E47A-8331-4806-BDB2-90565F174674}.Release|Win32.Build.0 = Release|Win32
		{CC70E47A-8331-4806-BDB2-90565F174674}.Release|Win32.Deploy.0 = Release|Win32
		{CC70E47A-8331-4806-BDB2-90565F174674}.Release|x64.ActiveCfg = Release|x64
		{CC70E47A-8331-4806-BDB2-90565F174674}.Release|x64.Build.0 = Release|x64
		{CC70E47A-8331-4806-BDB2-90565F174674}.Release|x64.Deploy.0 = Release|x64
		{7F5ABA8F-6464-4396-B014-8C2AD1768B88}.Debug|Win32.ActiveCfg = Debug|Win32
		{7F5ABA8F-6464-4396-B014-8C2AD1768B88}.Debug|Win32.Build.0 = Debug|Win32
		{7F5ABA8F-6464-4396-B014-8C2AD1768B88}.Debug|Win32.Deploy.0 = Debug|Win32
		{7F5ABA8F-6464-4396-B014-8C2AD1768B88}.Debug|x64.ActiveCfg = Debug|x64
		{7F5ABA8F-6464-4396-B014-8C2AD1768B88}.Debug|x64.Build.0 = Debug|x64
		{7F5ABA8F-6464-4396-B014-8C2AD1768B88}.Debug|x64.Deploy.0 = Debug|x64
		{7F5ABA8F-6464-4396-B014-8C2AD1768B88}.Release|Win32.ActiveCfg = Release|Win32
		{7F5ABA8F-6464-4396-B014-8C2AD1768B88}.Release|Win32.Build.0 = Release|Win32
		{7F5ABA8F-6464-4396-B014-8C2AD1768B88}.Release|Win32.Deploy.0 = Release|Win32
		{7F5ABA8F-6464-4396-B014-8C2AD1768B88}.Release|x64.ActiveCfg = Release|x64
		{7F5ABA8F-6464-4396-B014-8C2AD1768B88}.Release|x64.Build.0 = Release|x64
		{7F5ABA8F-6464-4396-B014-8C2AD1768B88}.Release|x64.Deploy.0 = Release|x64
		{CF1B2747-E7FD-4A29-9616-A1C5AA91B63F}.Debug|Win32.ActiveCfg = Debug|Win32
		{CF1B2747-E7FD-4A29-9616-A1C5AA91B63F}.Debug|Win32.Build.0 = Debug|Win32
		{CF1B2747-E7FD-4A29-9616-A1C5AA91B63F}.Debug|Win32.Deploy.0 = Debug|Win32
		{CF1B2747-E7FD-4A29-9616-A1C5AA91B63F}.Debug|x64.ActiveCfg = Debug|x64
		{CF1B2747-E7FD-4A29-9616-A1C5AA91B63F}.Debug|x64.Build.0 = Debug|x64
		{CF1B2747-E7FD-4A29-9616-A1C5AA91B63F}.Debug|x64.Deploy.0 = Debug|x64
		{CF1B2747-E7FD-4A29-9616-A1C5AA91B63F}.Release|Win32.ActiveCfg = Release|Win32
		{CF1B2747-E7FD-4A29-9616-A1C5AA91B63F}.Release|Win32.Build.0 = Release|Win32
		{CF1B2747-E7FD-4A29-9616-A1C5AA91B63F}.Release|Win32.Deploy.0 = Release|Win32
		{CF1B2747-E7FD-4A29-9616-A1C5AA91B63F}.Release|x64.ActiveCfg = Release|x64
		{CF1B2747-E7FD-4A29-9616-A1C5AA91B63F}.Release|x64.Build.0 = Release|x64
		{CF1B2747-E7FD-4A29-9616-A1C5AA91B63F}.Release|x64.Deploy.0 = Release|x64
		{040861F9-30BB-4271-ACA4-C55A9F2DD864}.Debug|Win32.ActiveCfg = Debug|Win32
		{040861F9-30BB-4271-ACA4-C55A9F2DD864}.Debug|Win32.Build.0 = Debug|Win32
		{040861F9-30BB-4271-ACA4-C55A9F2DD864}.Debug|Win32.Deploy.0 = Debug|Win32
		{040861F9-30BB-4271-ACA4-C55A9F2DD864}.Debug|x64.ActiveCfg = Debug|x64
		{040861F9-30BB-4271-ACA4-C55A9F2DD864}.Debug|x64.Build.0 = Debug|x64
		{040861F9-30BB-4271-ACA4-C55A9F2DD864}.Debug|x64.Deploy.0 = Debug|x64
		{040861F9-30BB-4271-ACA4-C55A9F2DD864}.Release|Win32.ActiveCfg = Release|Win32
		{040861F9-30BB-4271-ACA4-C55A9F2DD864}.Release|Win32.Build.0 = Release|Win32
		{040861F9-30BB-4271-ACA4-C55A9F2DD864}.Release|Win32.Deploy.0 = Release|Win32
		{040861F9-30BB-4271-ACA4-C55A9F2DD864}.Release|x64.ActiveCfg = Release|x64
		{040861F9-30BB-4271-ACA4-C55A9F2DD864}.Release|x64.Build.0 = Release|x64
		{040861F9-30BB-4271-ACA4-C55A9F2DD864}.Release|x64.Deploy.0 = Release|x64
		{30D59C30-78A2-49E7-9460-8613E164B2FA}.Debug|Win32.ActiveCfg = Debug|Win32
		{30D59C30-78A2-49E7-9460-8613E164B2FA}.Debug|Win32.Build.0 = Debug|Win32
		{30D59C30-78A2-49E7-9460-8613E164B2FA}.Debug|Win32.Deploy.0 = Debug|Win32
		{30D59C30-78A2-49E7-9460-8613E164B2FA}.Debug|x64.ActiveCfg = Debug|x64
		{30D59C30-78A2-49E7-9460-8613E164B2FA}.Debug|x64.Build.0 = Debug|x64
		{30D59C30-78A2-49E7-9460-8613E164B2FA}.Debug|x64.Deploy.0 = Debug|x64
		{30D59C30-78A2-49E7-9460-8613E164B2FA}.Release|Win32.ActiveCfg = Release|Win32
		{30D59C30-78A2-49E7-9460-8613E164B2FA}.Release|Win32.Build.0 = Release|Win32
		{30D59C30-78A2-49E7-9460-8613E164B2FA}.Release|Win32.Deploy.0 = Release|Win32
		{30D59C30-78A2-49E7-9460-8613E164B2FA}.Release|x64.ActiveCfg = Release|x64
		{30D59C30-78A2-49E7-9460-8613E164B2FA}.Release|x64.Build.0 = Release|x64
		{30D59C30-78A2-49E7-9460-8613E164B2FA}.Release|x64.Deploy.0 = Release|x64
		{E6C13361-83F3-4482-B1E1-BD0461886BDE}.Debug|Win32.ActiveCfg = Debug|Win32
		{E6C13361-83F3-4482-B1E1-BD0461886BDE}.Debug|Win32.Build.0 = Debug|Win32
		{E6C13361-83F3-4482-B1E1-BD0461886BDE}.Debug|Win32.Deploy.0 = Debug|Win32
		{E6C13361-83F3-4482-B1E1-BD0461886BDE}.Debug|x64.ActiveCfg = Debug|x64
		{E6C13361-83F3-4482-B1E1-BD0461886BDE}.Debug|x64.Build.0 = Debug|x64
		{E6C13361-83F3-4482-B1E1-BD0461886BDE}.Debug|x64.Deploy.0 = Debug|x64
		{E6C13361-83F3-4482-B1E1-BD0461886BDE}.Release|Win32.ActiveCfg = Release|Win32
		{E6C13361-83F3-4482-B1E1-BD0461886BDE}.Release|Win32.Build.0 = Release|Win32
		{E6C13361-83F3-4482-B1E1-BD0461886BDE}.Release|Win32.Deploy.0 = Release|Win32
		{E6C13361-83F3-4482-B1E1-BD0461886BDE}.Release|x64.ActiveCfg = Release|x64
		{E6C13361-83F3-4482-B1E1-BD0461886BDE}.Release|x64.Build.0 = Release|x64
		{E6C13361-83F3-4482-B1E1-BD0461886BDE}.Release|x64.Deploy.0 = Release|x64
		{6EFADB54-239A-43D1-A31B-E7687D1530D8}.Debug|Win32.ActiveCfg = Debug|Win32
		{6EFADB54-239A-43D1-A31B-E7687D1530D8}.Debug|Win32.Build.0 = Debug|Win32
		{6EFADB54-239A-43D1-A31B-E7687D1530D8}.Debug|Win32.Deploy.0 = Debug|Win32
		{6EFADB54-239A-43D1-A31B-E7687D1530D8}.Debug|x64.ActiveCfg = Debug|x64
		{6EFADB54-239A-43D1-A31B-E7687D1530D8}.Debug|x64.Build.0 = Debug|x64
		{6EFADB54-239A-43D1-A31B-E7687D1530D8}.Debug|x64.Deploy.0 = Debug|x64
		{6EFADB54-239A-43D1-A31B-E7687D1530D8}.Release|Win32.ActiveCfg = Release|Win32
		{6EFADB54-239A-43D1-A31B-E7687D1530D8}.Release|Win32.Build.0 = Release|Win32
		{6EFADB54-239A-43D1-A31B-E7687D1530D8}.Release|Win32.Deploy.0 = Release|Win32
		{6EFADB54-239A-43D1-A31B-E7687D1530D8}.Release|x64.ActiveCfg = Release|x64
		{6EFADB54-239A-43D1-A31B-E7687D1530D8}.Release|x64.Build.0 = Release|x64
		{6EFADB54-239A-43D1-A31B-E7687D1530D8}.Release|x64.Deploy.0 = Release|x64
		{F12CCA8F-499C-4FA5-AB72-7CF6C71920A8}.Debug|Win32.ActiveCfg = Debug|Win32
		{F12CCA8F-499C-4FA5-AB72-7CF6C71920A8}.Debug|Win32.Build.0 = Debug|Win32
		{F12CCA8F-499C-4FA5-AB72-7CF6C71920A8}.Debug|Win32.Deploy.0 = Debug|Win32
		{F12CCA8F-499C-4FA5-AB72-7CF6C71920A8}.Debug|x64.ActiveCfg = Debug|x64
		{F12CCA8F-499C-4FA5-AB72-7CF6C71920A8}.Debug|x64.Build.0 = Debug|x64
		{F12CCA8F-499C-4FA5-AB72-7CF6C71920A8}.Debug|x64.Deploy.0 = Debug|x64
		{F12CCA8F-499C-4FA5-AB72-7CF6C71920A8}.Release|Win32.ActiveCfg = Release|Win32
		{F12CCA8F-499C-4FA5-AB72-7CF6C71920A8}.Release|Win32.Build.0 = Release|Win32
		{F12CCA8F-499C-4FA5-AB72-7CF6C71920A8}.Release|Win32.Deploy.0 = Release|Win32
		{F12CCA8F-499C-4FA5-AB72-7CF6C71920A8}.Release|x64.ActiveCfg = Release|x64
		{F12CCA8F-499C-4FA5-AB72-7CF6C71920A8}.Release|x64.Build.0 = Release|x64
		{F12CCA8F-499C-4FA5-AB72-7CF6C71920A8}.Release|x64.Deploy.0 = Release|x64
		{04DE2B90-4EA6-470A-BCD1-B52D01D68323}.Debug|Win32.ActiveCfg = Debug|Win32
		{04DE2B90-4EA6-470A-BCD1-B52D01D68323}.Debug|Win32.Build.0 = Debug|Win32
		{04DE2B90-4EA6-470A-BCD1-B52D01D68323}.Debug|Win32.Deploy.0 = Debug|Win32
		{04DE2B90-4EA6-470A-BCD1-B52D01D68323}.Debug|x64.ActiveCfg = Debug|x64
		{04DE2B90-4EA6-470A-BCD1-B52D01D68323}.Debug|x64.Build.0 = Debug|x64
		{04DE2B90-4EA6-470A-BCD1-B52D01D68323}.Debug|x64.Deploy.0 = Debug|x64
		{04DE2B90-4EA6-470A-BCD1-B52D01D68323}.Release|Win32.ActiveCfg = Release|Win32
		{04DE2B90-4EA6-470A-BCD1-B52D01D68323}.Release|Win32.Build.0 = Release|Win32
		{04DE2B90-4EA6-470A-BCD1-B52D01D68323}.Release|Win32.Deploy.0 = Release|Win32
		{04DE2B90-4EA6-470A-BCD1-B52D01D68323}.Release|x64.ActiveCfg = Release|x64
		{04DE2B90-4EA6-470A-BCD1-B52D01D68323}.Release|x64.Build.0 = Release|x64
		{04DE2B90-4EA6-470A-BCD1-B52D01D68323}.Release|x64.Deploy.0 = Release|x64
		{FD7B5281-69EF-47F2-B299-681B9A72AFCE}.Debug|Win32.ActiveCfg = Debug|Win32
		{FD7B5281-69EF-47F2-B299-681B9A72AFCE}.Debug|Win32.Build.0 = Debug|Win32
		{FD7B5281-69EF-47F2-B299-681B9A72AFCE}.Debug|Win32.Deploy.0 = Debug|Win32
		{FD7B5281-69EF-47F2-B299-681B9A72AFCE}.Debug|x64.ActiveCfg = Debug|x64
		{FD7B5281-69EF-47F2-B299-681B9A72AFCE}.Debug|x64.Build.0 = Debug|x64
		{FD7B5281-69EF-47F2-B299-681B9A72AFCE}.Debug|x64.Deploy.0 = Debug|x64
		{FD7B5281-69EF-47F2-B299-681B9A72AFCE}.Release|Win32.ActiveCfg = Release|Win32
		{FD7B5281-69EF-47F2-B299-681B9A72AFCE}.Release|Win32.Build.0 = Release|Win32
		{FD7B5281-69EF-47F2-B299-681B9A72AFCE}.Release|Win32.Deploy.0 = Release|Win32
		{FD7B5281-69EF-47F2-B299-681B9A72AFCE}.Release|x64.ActiveCfg = Release|x64
		{FD7B5281-69EF-47F2-B299-681B9A72AFCE}.Release|x64.Build.0 = Release|x64
		{FD7B5281-69EF-47F2-B299-681B9A72AFCE}.Release|x64.Deploy.0 = Release|x64
		{F9F5E72C-F59D-484F-833F-57EFA83AFB80}.Debug|Win32.ActiveCfg = Debug|Win32
		{F9F5E72C-F59D-484F-833F-57EFA83AFB80}.Debug|Win32.Build.0 = Debug|Win32
		{F9F5E72C-F59D-484F-833F-57EFA83AFB80}.Debug|Win32.Deploy.0 = Debug|Win32
		{F9F5E72C-F59D-484F-833F-57EFA83AFB80}.Debug|x64.ActiveCfg = Debug|x64
		{F9F5E72C-F59D-484F-833F-57EFA83AFB80}.Debug|x64.Build.0 = Debug|x64
		{F9F5E72C-F59D-484F-833F-57EFA83AFB80}.Debug|x64.Deploy.0 = Debug|x64
		{F9F5E72C-F59D-484F-833F-57EFA83AFB80}.Release|Win32.ActiveCfg = Release|Win32
		{F9F5E72C-F59D-484F-833F-57EFA83AFB80}.Release|Win32.Build.0 = Release|Win32
		{F9F5E72C-F59D-484F-833F-57EFA83AFB80}.Release|Win32.Deploy.0 = Release|Win32
		{F9F5E72C-F59D-484F-833F-57EFA83AFB80}.Release|x64.ActiveCfg = Release|x64
		{F9F5E72C-F59D-484F-833F-57EFA83AFB80}.Release|x64.Build.0 = Release|x64
		{F9F5E72C-F59D-484F-833F-57EFA83AFB80}.Release|x64.Deploy.0 = Release|x64
		{E4192EB6-8942-40BA-8B8F-920B5A92492B}.Debug|Win32.ActiveCfg = Debug|Win32
		{E4192EB6-8942-40BA-8B8F-920B5A92492B}.Debug|Win32.Build.0 = Debug|Win32
		{E4192EB6-8942-40BA-8B8F-920B5A92492B}.Debug|Win32.Deploy.0 = Debug|Win32
		{E4192EB6-8942-40BA-8B8F-920B5A92492B}.Debug|x64.ActiveCfg = Debug|x64
		{E4192EB6-8942-40BA-8B8F-920B5A92492B}.Debug|x64.Build.0 = Debug|x64
		{E4192EB6-8942-40BA-8B8F-920B5A92492B}.Debug|x64.Deploy.0 = Debug|x64
		{E4192EB6-8942-40BA-8B8F-920B5A92492B}.Release|Win32.ActiveCfg = Release|Win32
		{E4192EB6-8942-40BA-8B8F-920B5A92492B}.Release|Win32.Build.0 = Release|Win32
		{E4192EB6-8942-40BA-8B8F-920B5A92492B}.Release|Win32.Deploy.0 = Release|Win32
		{E4192EB6-8942-40BA-8B8F-920B5A92492B}.Release|x64.ActiveCfg = Release|x64
		{E4192EB6-8942-40BA-8B8F-920B5A92492B}.Release|x64.Build.0 = Release|x64
		{E4192EB6-8942-40BA-8B8F-920B5A92492B}.Release|x64.Deploy.0 = Release|x64
		{E84D7EE1-8A9A-4BFA-A983-0BB8167BC6E8}.Debug|Win32.ActiveCfg = Debug|Win32
		{E84D7EE1-8A9A-4BFA-A983-0BB8167BC6E8}.Debug|Win32.Build.0 = Debug|Win32
		{E84D7EE1-8A9A-4BFA-A983-0BB8167BC6E8}.Debug|Win32.Deploy.0 = Debug|Win32
		{E84D7EE1-8A9A-4BFA-A983-0BB8167BC6E8}.Debug|x64.ActiveCfg = Debug|x64
		{E84D7EE1-8A9A-4BFA-A983-0BB8167BC6E8}.Debug|x64.Build.0 = Debug|x64
		{E84D7EE1-8A9A-4BFA-A983-0BB8167BC6E8}.Debug|x64.Deploy.0 = Debug|x64
		{E84D7EE1-8A9A-4BFA-A983-0BB8167BC6E8}.Release|Win32.ActiveCfg = Release|Win32
		{E84D7EE1-8A9A-4BFA-A983-0BB8167BC6E8}.Release|Win32.Build.0 = Release|Win32
		{E84D7EE1-8A9A-4BFA-A983-0BB8167BC6E8}.Release|Win32.Deploy.0 = Release|Win32
		{E84D7EE1-8A9A-4BFA-A983-0BB8167BC6E8}.Release|x64.ActiveCfg = Release|x64
		{E84D7EE1-8A9A-4BFA-A983-0BB8167BC6E8}.Release|x64.Build.0 = Release|x64
		{E84D7EE1-8A9A-4BFA-A983-0BB8167BC6E8}.Release|x64.Deploy.0 = Release|x64
	EndGlobalSection
	GlobalSection(SolutionProperties) = preSolution
		HideSolutionNode = FALSE
	EndGlobalSection
EndGlobal
