
Microsoft Visual Studio Solution File, Format Version 11.00
# Visual Studio 15
Project("{8BC9CEB8-8B4A-11D0-8D11-00A0C91BC942}") = "3d", "3d.vcxproj", "{E39EB6CB-B4F8-494F-9F3E-D9DA9AD3F779}"
EndProject
Project("{8BC9CEB8-8B4A-11D0-8D11-00A0C91BC942}") = "3d_multi", "3d_multi.vcxproj", "{0E8CDB27-7EA9-44BF-89B5-873D61B70C01}"
EndProject
Project("{8BC9CEB8-8B4A-11D0-8D11-00A0C91BC942}") = "event_parameter", "event_parameter.vcxproj", "{EF3E86D9-C49A-4964-95AE-E10730948FE2}"
EndProject
Project("{8BC9CEB8-8B4A-11D0-8D11-00A0C91BC942}") = "load_banks", "load_banks.vcxproj", "{748BD213-0626-4295-9340-AF5F7EAD9437}"
EndProject
Project("{8BC9CEB8-8B4A-11D0-8D11-00A0C91BC942}") = "music_callbacks", "music_callbacks.vcxproj", "{87AB26D2-34A2-4B7D-B8CE-413317BEFE41}"
EndProject
Project("{8BC9CEB8-8B4A-11D0-8D11-00A0C91BC942}") = "objectpan", "objectpan.vcxproj", "{8A6EA627-4C75-49AD-9CBD-0C85D759F3F2}"
EndProject
Project("{8BC9CEB8-8B4A-11D0-8D11-00A0C91BC942}") = "programmer_sound", "programmer_sound.vcxproj", "{D91A7678-ECB5-4DEA-9FE8-E33D7138EBF3}"
EndProject
Project("{8BC9CEB8-8B4A-11D0-8D11-00A0C91BC942}") = "recording_playback", "recording_playback.vcxproj", "{873D7566-3158-49CE-80A1-831158C731B7}"
EndProject
Project("{8BC9CEB8-8B4A-11D0-8D11-00A0C91BC942}") = "simple_event", "simple_event.vcxproj", "{B49F717E-FF65-469B-8277-62F6ECA3EBC7}"
EndProject
Global
	GlobalSection(SolutionConfigurationPlatforms) = preSolution
		Debug|Win32 = Debug|Win32
		Debug|x64 = Debug|x64
		Release|Win32 = Release|Win32
		Release|x64 = Release|x64
	EndGlobalSection
	GlobalSection(ProjectConfigurationPlatforms) = postSolution
		{E39EB6CB-B4F8-494F-9F3E-D9DA9AD3F779}.Debug|Win32.ActiveCfg = Debug|Win32
		{E39EB6CB-B4F8-494F-9F3E-D9DA9AD3F779}.Debug|Win32.Build.0 = Debug|Win32
		{E39EB6CB-B4F8-494F-9F3E-D9DA9AD3F779}.Debug|Win32.Deploy.0 = Debug|Win32
		{E39EB6CB-B4F8-494F-9F3E-D9DA9AD3F779}.Debug|x64.ActiveCfg = Debug|x64
		{E39EB6CB-B4F8-494F-9F3E-D9DA9AD3F779}.Debug|x64.Build.0 = Debug|x64
		{E39EB6CB-B4F8-494F-9F3E-D9DA9AD3F779}.Debug|x64.Deploy.0 = Debug|x64
		{E39EB6CB-B4F8-494F-9F3E-D9DA9AD3F779}.Release|Win32.ActiveCfg = Release|Win32
		{E39EB6CB-B4F8-494F-9F3E-D9DA9AD3F779}.Release|Win32.Build.0 = Release|Win32
		{E39EB6CB-B4F8-494F-9F3E-D9DA9AD3F779}.Release|Win32.Deploy.0 = Release|Win32
		{E39EB6CB-B4F8-494F-9F3E-D9DA9AD3F779}.Release|x64.ActiveCfg = Release|x64
		{E39EB6CB-B4F8-494F-9F3E-D9DA9AD3F779}.Release|x64.Build.0 = Release|x64
		{E39EB6CB-B4F8-494F-9F3E-D9DA9AD3F779}.Release|x64.Deploy.0 = Release|x64
		{0E8CDB27-7EA9-44BF-89B5-873D61B70C01}.Debug|Win32.ActiveCfg = Debug|Win32
		{0E8CDB27-7EA9-44BF-89B5-873D61B70C01}.Debug|Win32.Build.0 = Debug|Win32
		{0E8CDB27-7EA9-44BF-89B5-873D61B70C01}.Debug|Win32.Deploy.0 = Debug|Win32
		{0E8CDB27-7EA9-44BF-89B5-873D61B70C01}.Debug|x64.ActiveCfg = Debug|x64
		{0E8CDB27-7EA9-44BF-89B5-873D61B70C01}.Debug|x64.Build.0 = Debug|x64
		{0E8CDB27-7EA9-44BF-89B5-873D61B70C01}.Debug|x64.Deploy.0 = Debug|x64
		{0E8CDB27-7EA9-44BF-89B5-873D61B70C01}.Release|Win32.ActiveCfg = Release|Win32
		{0E8CDB27-7EA9-44BF-89B5-873D61B70C01}.Release|Win32.Build.0 = Release|Win32
		{0E8CDB27-7EA9-44BF-89B5-873D61B70C01}.Release|Win32.Deploy.0 = Release|Win32
		{0E8CDB27-7EA9-44BF-89B5-873D61B70C01}.Release|x64.ActiveCfg = Release|x64
		{0E8CDB27-7EA9-44BF-89B5-873D61B70C01}.Release|x64.Build.0 = Release|x64
		{0E8CDB27-7EA9-44BF-89B5-873D61B70C01}.Release|x64.Deploy.0 = Release|x64
		{EF3E86D9-C49A-4964-95AE-E10730948FE2}.Debug|Win32.ActiveCfg = Debug|Win32
		{EF3E86D9-C49A-4964-95AE-E10730948FE2}.Debug|Win32.Build.0 = Debug|Win32
		{EF3E86D9-C49A-4964-95AE-E10730948FE2}.Debug|Win32.Deploy.0 = Debug|Win32
		{EF3E86D9-C49A-4964-95AE-E10730948FE2}.Debug|x64.ActiveCfg = Debug|x64
		{EF3E86D9-C49A-4964-95AE-E10730948FE2}.Debug|x64.Build.0 = Debug|x64
		{EF3E86D9-C49A-4964-95AE-E10730948FE2}.Debug|x64.Deploy.0 = Debug|x64
		{EF3E86D9-C49A-4964-95AE-E10730948FE2}.Release|Win32.ActiveCfg = Release|Win32
		{EF3E86D9-C49A-4964-95AE-E10730948FE2}.Release|Win32.Build.0 = Release|Win32
		{EF3E86D9-C49A-4964-95AE-E10730948FE2}.Release|Win32.Deploy.0 = Release|Win32
		{EF3E86D9-C49A-4964-95AE-E10730948FE2}.Release|x64.ActiveCfg = Release|x64
		{EF3E86D9-C49A-4964-95AE-E10730948FE2}.Release|x64.Build.0 = Release|x64
		{EF3E86D9-C49A-4964-95AE-E10730948FE2}.Release|x64.Deploy.0 = Release|x64
		{748BD213-0626-4295-9340-AF5F7EAD9437}.Debug|Win32.ActiveCfg = Debug|Win32
		{748BD213-0626-4295-9340-AF5F7EAD9437}.Debug|Win32.Build.0 = Debug|Win32
		{748BD213-0626-4295-9340-AF5F7EAD9437}.Debug|Win32.Deploy.0 = Debug|Win32
		{748BD213-0626-4295-9340-AF5F7EAD9437}.Debug|x64.ActiveCfg = Debug|x64
		{748BD213-0626-4295-9340-AF5F7EAD9437}.Debug|x64.Build.0 = Debug|x64
		{748BD213-0626-4295-9340-AF5F7EAD9437}.Debug|x64.Deploy.0 = Debug|x64
		{748BD213-0626-4295-9340-AF5F7EAD9437}.Release|Win32.ActiveCfg = Release|Win32
		{748BD213-0626-4295-9340-AF5F7EAD9437}.Release|Win32.Build.0 = Release|Win32
		{748BD213-0626-4295-9340-AF5F7EAD9437}.Release|Win32.Deploy.0 = Release|Win32
		{748BD213-0626-4295-9340-AF5F7EAD9437}.Release|x64.ActiveCfg = Release|x64
		{748BD213-0626-4295-9340-AF5F7EAD9437}.Release|x64.Build.0 = Release|x64
		{748BD213-0626-4295-9340-AF5F7EAD9437}.Release|x64.Deploy.0 = Release|x64
		{87AB26D2-34A2-4B7D-B8CE-413317BEFE41}.Debug|Win32.ActiveCfg = Debug|Win32
		{87AB26D2-34A2-4B7D-B8CE-413317BEFE41}.Debug|Win32.Build.0 = Debug|Win32
		{87AB26D2-34A2-4B7D-B8CE-413317BEFE41}.Debug|Win32.Deploy.0 = Debug|Win32
		{87AB26D2-34A2-4B7D-B8CE-413317BEFE41}.Debug|x64.ActiveCfg = Debug|x64
		{87AB26D2-34A2-4B7D-B8CE-413317BEFE41}.Debug|x64.Build.0 = Debug|x64
		{87AB26D2-34A2-4B7D-B8CE-413317BEFE41}.Debug|x64.Deploy.0 = Debug|x64
		{87AB26D2-34A2-4B7D-B8CE-413317BEFE41}.Release|Win32.ActiveCfg = Release|Win32
		{87AB26D2-34A2-4B7D-B8CE-413317BEFE41}.Release|Win32.Build.0 = Release|Win32
		{87AB26D2-34A2-4B7D-B8CE-413317BEFE41}.Release|Win32.Deploy.0 = Release|Win32
		{87AB26D2-34A2-4B7D-B8CE-413317BEFE41}.Release|x64.ActiveCfg = Release|x64
		{87AB26D2-34A2-4B7D-B8CE-413317BEFE41}.Release|x64.Build.0 = Release|x64
		{87AB26D2-34A2-4B7D-B8CE-413317BEFE41}.Release|x64.Deploy.0 = Release|x64
		{8A6EA627-4C75-49AD-9CBD-0C85D759F3F2}.Debug|Win32.ActiveCfg = Debug|Win32
		{8A6EA627-4C75-49AD-9CBD-0C85D759F3F2}.Debug|Win32.Build.0 = Debug|Win32
		{8A6EA627-4C75-49AD-9CBD-0C85D759F3F2}.Debug|Win32.Deploy.0 = Debug|Win32
		{8A6EA627-4C75-49AD-9CBD-0C85D759F3F2}.Debug|x64.ActiveCfg = Debug|x64
		{8A6EA627-4C75-49AD-9CBD-0C85D759F3F2}.Debug|x64.Build.0 = Debug|x64
		{8A6EA627-4C75-49AD-9CBD-0C85D759F3F2}.Debug|x64.Deploy.0 = Debug|x64
		{8A6EA627-4C75-49AD-9CBD-0C85D759F3F2}.Release|Win32.ActiveCfg = Release|Win32
		{8A6EA627-4C75-49AD-9CBD-0C85D759F3F2}.Release|Win32.Build.0 = Release|Win32
		{8A6EA627-4C75-49AD-9CBD-0C85D759F3F2}.Release|Win32.Deploy.0 = Release|Win32
		{8A6EA627-4C75-49AD-9CBD-0C85D759F3F2}.Release|x64.ActiveCfg = Release|x64
		{8A6EA627-4C75-49AD-9CBD-0C85D759F3F2}.Release|x64.Build.0 = Release|x64
		{8A6EA627-4C75-49AD-9CBD-0C85D759F3F2}.Release|x64.Deploy.0 = Release|x64
		{D91A7678-ECB5-4DEA-9FE8-E33D7138EBF3}.Debug|Win32.ActiveCfg = Debug|Win32
		{D91A7678-ECB5-4DEA-9FE8-E33D7138EBF3}.Debug|Win32.Build.0 = Debug|Win32
		{D91A7678-ECB5-4DEA-9FE8-E33D7138EBF3}.Debug|Win32.Deploy.0 = Debug|Win32
		{D91A7678-ECB5-4DEA-9FE8-E33D7138EBF3}.Debug|x64.ActiveCfg = Debug|x64
		{D91A7678-ECB5-4DEA-9FE8-E33D7138EBF3}.Debug|x64.Build.0 = Debug|x64
		{D91A7678-ECB5-4DEA-9FE8-E33D7138EBF3}.Debug|x64.Deploy.0 = Debug|x64
		{D91A7678-ECB5-4DEA-9FE8-E33D7138EBF3}.Release|Win32.ActiveCfg = Release|Win32
		{D91A7678-ECB5-4DEA-9FE8-E33D7138EBF3}.Release|Win32.Build.0 = Release|Win32
		{D91A7678-ECB5-4DEA-9FE8-E33D7138EBF3}.Release|Win32.Deploy.0 = Release|Win32
		{D91A7678-ECB5-4DEA-9FE8-E33D7138EBF3}.Release|x64.ActiveCfg = Release|x64
		{D91A7678-ECB5-4DEA-9FE8-E33D7138EBF3}.Release|x64.Build.0 = Release|x64
		{D91A7678-ECB5-4DEA-9FE8-E33D7138EBF3}.Release|x64.Deploy.0 = Release|x64
		{873D7566-3158-49CE-80A1-831158C731B7}.Debug|Win32.ActiveCfg = Debug|Win32
		{873D7566-3158-49CE-80A1-831158C731B7}.Debug|Win32.Build.0 = Debug|Win32
		{873D7566-3158-49CE-80A1-831158C731B7}.Debug|Win32.Deploy.0 = Debug|Win32
		{873D7566-3158-49CE-80A1-831158C731B7}.Debug|x64.ActiveCfg = Debug|x64
		{873D7566-3158-49CE-80A1-831158C731B7}.Debug|x64.Build.0 = Debug|x64
		{873D7566-3158-49CE-80A1-831158C731B7}.Debug|x64.Deploy.0 = Debug|x64
		{873D7566-3158-49CE-80A1-831158C731B7}.Release|Win32.ActiveCfg = Release|Win32
		{873D7566-3158-49CE-80A1-831158C731B7}.Release|Win32.Build.0 = Release|Win32
		{873D7566-3158-49CE-80A1-831158C731B7}.Release|Win32.Deploy.0 = Release|Win32
		{873D7566-3158-49CE-80A1-831158C731B7}.Release|x64.ActiveCfg = Release|x64
		{873D7566-3158-49CE-80A1-831158C731B7}.Release|x64.Build.0 = Release|x64
		{873D7566-3158-49CE-80A1-831158C731B7}.Release|x64.Deploy.0 = Release|x64
		{B49F717E-FF65-469B-8277-62F6ECA3EBC7}.Debug|Win32.ActiveCfg = Debug|Win32
		{B49F717E-FF65-469B-8277-62F6ECA3EBC7}.Debug|Win32.Build.0 = Debug|Win32
		{B49F717E-FF65-469B-8277-62F6ECA3EBC7}.Debug|Win32.Deploy.0 = Debug|Win32
		{B49F717E-FF65-469B-8277-62F6ECA3EBC7}.Debug|x64.ActiveCfg = Debug|x64
		{B49F717E-FF65-469B-8277-62F6ECA3EBC7}.Debug|x64.Build.0 = Debug|x64
		{B49F717E-FF65-469B-8277-62F6ECA3EBC7}.Debug|x64.Deploy.0 = Debug|x64
		{B49F717E-FF65-469B-8277-62F6ECA3EBC7}.Release|Win32.ActiveCfg = Release|Win32
		{B49F717E-FF65-469B-8277-62F6ECA3EBC7}.Release|Win32.Build.0 = Release|Win32
		{B49F717E-FF65-469B-8277-62F6ECA3EBC7}.Release|Win32.Deploy.0 = Release|Win32
		{B49F717E-FF65-469B-8277-62F6ECA3EBC7}.Release|x64.ActiveCfg = Release|x64
		{B49F717E-FF65-469B-8277-62F6ECA3EBC7}.Release|x64.Build.0 = Release|x64
		{B49F717E-FF65-469B-8277-62F6ECA3EBC7}.Release|x64.Deploy.0 = Release|x64
	EndGlobalSection
	GlobalSection(SolutionProperties) = preSolution
		HideSolutionNode = FALSE
	EndGlobalSection
EndGlobal
