<?xml version="1.0" encoding="utf-8"?>
<Project ToolsVersion="4.0" xmlns="http://schemas.microsoft.com/developer/msbuild/2003">
  <ItemGroup>
    <ClCompile Include="main.cpp">
      <Filter>Source Files</Filter>
    </ClCompile>
    <ClCompile Include="Game\CCharacter.cpp">
      <Filter>Source Files</Filter>
    </ClCompile>
    <ClCompile Include="Game\CDroppedItem.cpp">
      <Filter>Source Files</Filter>
    </ClCompile>
    <ClCompile Include="Game\CEquippedItem.cpp">
      <Filter>Source Files</Filter>
    </ClCompile>
    <ClCompile Include="Game\CPlayer.cpp">
      <Filter>Source Files</Filter>
    </ClCompile>
    <ClCompile Include="Game\CPlayerController.cpp">
      <Filter>Source Files</Filter>
    </ClCompile>
    <ClCompile Include="Game\CursorEntity.cpp">
      <Filter>Source Files</Filter>
    </ClCompile>
    <ClCompile Include="Game\ItemDatabase.cpp">
      <Filter>Source Files</Filter>
    </ClCompile>
    <ClCompile Include="Game\PlayerCharacter.cpp">
      <Filter>Source Files</Filter>
    </ClCompile>
    <ClCompile Include="Game\testClass.cpp">
      <Filter>Source Files</Filter>
    </ClCompile>
    <ClCompile Include="Game\PlayerController.cpp">
      <Filter>Source Files</Filter>
    </ClCompile>
    <ClCompile Include="Game\testEquippedItem.cpp">
      <Filter>Source Files</Filter>
    </ClCompile>
    <ClCompile Include="Game\testItemData.cpp">
      <Filter>Source Files</Filter>
    </ClCompile>
    <ClCompile Include="Game\TestUI.cpp">
      <Filter>Source Files</Filter>
    </ClCompile>
    <ClCompile Include="weaponUI.cpp">
      <Filter>Source Files</Filter>
    </ClCompile>
    <ClCompile Include="Game\AI\MeleeEnemy.cpp">
      <Filter>Source Files</Filter>
    </ClCompile>
    <ClCompile Include="Game\CInteractable.cpp">
      <Filter>Source Files</Filter>
    </ClCompile>
    <ClCompile Include="Game\weapons.cpp">
      <Filter>Source Files</Filter>
    </ClCompile>
    <ClCompile Include="Game\AI\DogEnemy.cpp">
      <Filter>Source Files</Filter>
    </ClCompile>
    <ClCompile Include="Game\AI\AlarmEnemy.cpp">
      <Filter>Source Files</Filter>
    </ClCompile>
    <ClCompile Include="CWorld_Game.cpp">
      <Filter>Source Files</Filter>
    </ClCompile>
    <ClCompile Include="Projectile.cpp" />
      <Filter>Source Files</Filter>
    </ClCompile>
  </ItemGroup>
  <ItemGroup>
    <ClInclude Include="Game\CCharacter.h">
      <Filter>Header Files</Filter>
    </ClInclude>
    <ClInclude Include="Game\CDroppedItem.h">
      <Filter>Header Files</Filter>
    </ClInclude>
    <ClInclude Include="Game\CEquippedItem.h">
      <Filter>Header Files</Filter>
    </ClInclude>
    <ClInclude Include="Game\CPlayer.h">
      <Filter>Header Files</Filter>
    </ClInclude>
    <ClInclude Include="Game\CPlayerController.h">
      <Filter>Header Files</Filter>
    </ClInclude>
    <ClInclude Include="Game\CursorEntity.h">
      <Filter>Header Files</Filter>
    </ClInclude>
    <ClInclude Include="Game\ItemData.h">
      <Filter>Header Files</Filter>
    </ClInclude>
    <ClInclude Include="Game\ItemDatabase.h">
      <Filter>Header Files</Filter>
    </ClInclude>
    <ClInclude Include="Game\PlayerCharacter.h">
      <Filter>Header Files</Filter>
    </ClInclude>
    <ClInclude Include="Game\testClass.h">
      <Filter>Header Files</Filter>
    </ClInclude>
    <ClInclude Include="Game\PlayerController.h">
      <Filter>Header Files</Filter>
    </ClInclude>
    <ClInclude Include="Game\testEquippedItem.h">
      <Filter>Header Files</Filter>
    </ClInclude>
    <ClInclude Include="Game\testItemData.h">
      <Filter>Header Files</Filter>
    </ClInclude>
    <ClInclude Include="Game\TestUI.h">
      <Filter>Header Files</Filter>
    </ClInclude>
    <ClInclude Include="weaponUI.h">
      <Filter>Header Files</Filter>
    </ClInclude>
    <ClInclude Include="Game\AI\MeleeEnemy.h">
      <Filter>Header Files</Filter>
    </ClInclude>
    <ClInclude Include="Game\CInteractable.h">
      <Filter>Header Files</Filter>
    </ClInclude>
    <ClInclude Include="Game\weapons.h">
      <Filter>Header Files</Filter>
    </ClInclude>
    <ClInclude Include="Game\AI\DogEnemy.h">
      <Filter>Header Files</Filter>
    </ClInclude>
    <ClInclude Include="Game\AI\AlarmEnemy.h">
      <Filter>Header Files</Filter>
    </ClInclude>
  </ItemGroup>
  <ItemGroup>
    <None Include="Resources\Weapons.json">
      <Filter>Resource Files</Filter>
    </None>
    <ClInclude Include="Game\AI\Pathfinding.h">
      <Filter>Header Files</Filter>
    </ClInclude>
    <ClInclude Include="Game\AI\State.h">
      <Filter>Header Files</Filter>
    </ClInclude>
    <ClInclude Include="weaponUI.h">
      <Filter>Header Files</Filter>
    </ClInclude>
    <ClInclude Include="Game\CInteractable.h">
      <Filter>Header Files</Filter>
    </ClInclude>
    <ClInclude Include="CWorld_Game.h">
      <Filter>Header Files</Filter>
    </ClInclude>
    <ClInclude Include="Projectile.h" />
      <Filter>Header Files</Filter>
    </ClInclude>
  </ItemGroup>
</Project>