<?xml version="1.0" encoding="utf-8"?>
<Project ToolsVersion="4.0" xmlns="http://schemas.microsoft.com/developer/msbuild/2003">
  <ItemGroup>
    <ClCompile Include="Game\CInteractable.cpp" />
    <ClCompile Include="Game\AI\CAICharacter.cpp" />
    <ClCompile Include="Game\AI\CAIController.cpp" />
    <ClCompile Include="Game\AI\Pathfinding.cpp" />
    <ClCompile Include="Game\AI\State.cpp" />
    <ClCompile Include="Game\CCharacter.cpp" />
    <ClCompile Include="Game\CDroppedItem.cpp" />
    <ClCompile Include="Game\CEquippedItem.cpp" />
    <ClCompile Include="Game\CPlayer.cpp" />
    <ClCompile Include="Game\CPlayerController.cpp" />
    <ClCompile Include="Game\CursorEntity.cpp" />
    <ClCompile Include="Game\ItemDatabase.cpp" />
    <ClCompile Include="Game\PlayerCharacter.cpp" />
    <ClCompile Include="Game\testClass.cpp" />
    <ClCompile Include="Game\PlayerController.cpp" />
    <ClCompile Include="Game\testEquippedItem.cpp" />
    <ClCompile Include="Game\testItemData.cpp" />
    <ClCompile Include="Game\TestUI.cpp" />
    <ClCompile Include="Game\weapons.cpp" />
    <ClCompile Include="main.cpp" />
    <ClCompile Include="weaponUI.cpp" />
    <ClCompile Include="Game\DialogueUI.cpp" />
    <ClCompile Include="Game\DialogueHandler.cpp" />
  </ItemGroup>
  <ItemGroup>
    <ClInclude Include="Game\CInteractable.h" />
    <ClInclude Include="Game\AI\CAICharacter.h" />
    <ClInclude Include="Game\AI\CAIController.h" />
    <ClInclude Include="Game\AI\CAINode.h" />
    <ClInclude Include="Game\AI\Pathfinding.h" />
    <ClInclude Include="Game\AI\State.h" />
    <ClInclude Include="Game\CCharacter.h" />
    <ClInclude Include="Game\CDroppedItem.h" />
    <ClInclude Include="Game\CEquippedItem.h" />
    <ClInclude Include="Game\CPlayer.h" />
    <ClInclude Include="Game\CPlayerController.h" />
    <ClInclude Include="Game\CursorEntity.h" />
    <ClInclude Include="Game\ItemData.h" />
    <ClInclude Include="Game\ItemDatabase.h" />
    <ClInclude Include="Game\PlayerCharacter.h" />
    <ClInclude Include="Game\testClass.h" />
    <ClInclude Include="Game\PlayerController.h" />
    <ClInclude Include="Game\testEquippedItem.h" />
    <ClInclude Include="Game\testItemData.h" />
    <ClInclude Include="Game\TestUI.h" />
    <ClInclude Include="Game\weapons.h" />
    <ClInclude Include="weaponUI.h" />
    <ClInclude Include="Game\DialogueUI.h" />
    <ClInclude Include="Game\DialogueHandler.h" />
    <ClInclude Include="Game\Dialogue.h" />
  </ItemGroup>
  <ItemGroup>
    <None Include="Resources\Weapons.json" />
  </ItemGroup>
</Project>