<?xml version="1.0" encoding="utf-8"?>
<Project ToolsVersion="4.0" xmlns="http://schemas.microsoft.com/developer/msbuild/2003">
  <ItemGroup>
    <ClCompile Include="Dependencies\Microsoft\DDSTextureLoader.cpp" />
    <ClCompile Include="Core\Utility\Vector3.cpp" />
    <ClCompile Include="Core\CComponent.cpp" />
    <ClCompile Include="Core\CEntity.cpp" />
    <ClCompile Include="Core\Structs\CTexture.cpp" />
    <ClCompile Include="Core\Components\CSpriteComponent.cpp" />
    <ClCompile Include="Dependencies\IMGUI\imgui.cpp" />
    <ClCompile Include="Dependencies\IMGUI\imgui_draw.cpp" />
    <ClCompile Include="Dependencies\IMGUI\imgui_impl_dx11.cpp" />
    <ClCompile Include="Dependencies\IMGUI\imgui_impl_win32.cpp" />
    <ClCompile Include="Dependencies\IMGUI\imgui_tables.cpp" />
    <ClCompile Include="Dependencies\IMGUI\imgui_widgets.cpp" />
    <ClCompile Include="Core\Utility\DebugOutput\Debug.cpp" />
    <ClCompile Include="Core\Structs\CMesh.cpp" />
    <ClCompile Include="Core\Environment\CTile.cpp">
      <Filter>World</Filter>
    </ClCompile>
    <ClCompile Include="Core\Environment\CWorld.cpp">
      <Filter>World</Filter>
    </ClCompile>
    <ClCompile Include="Core\Utility\AssetManager\AssetManager.cpp" />
    <ClCompile Include="Core\Structs\CMaterial.cpp" />
    <ClCompile Include="Tools\CT_EditorMain.cpp" />
    <ClCompile Include="Core\Environment\CWorld_Edit.cpp">
      <Filter>World</Filter>
    </ClCompile>
    <ClCompile Include="Core\Utility\EventSystem\EventSystem.cpp" />
    <ClCompile Include="Core\Structs\CCamera.cpp" />
    <ClCompile Include="Core\Utility\CTransform.cpp" />
    <ClCompile Include="Core\Utility\Audio\AudioController.cpp" />
    <ClCompile Include="Core\Components\CTextRenderComponent.cpp" />
    <ClCompile Include="Core\Utility\InputManager\InputManager.cpp" />
    <ClCompile Include="Dependencies\Microsoft\WICTextureLoader.cpp" />
    <ClCompile Include="Dependencies\Microsoft\DirectXHelpers.cpp" />
    <ClCompile Include="Core\Components\CAudioEmitterComponent.cpp" />
    <ClCompile Include="Core\Utility\CollisionManager\CollisionComponent.cpp" />
    <ClCompile Include="Tools\CT_EditorGrid.cpp" />
    <ClCompile Include="Core\Environment\CGridCursor.cpp" />
    <ClCompile Include="Tools\CT_EditorWindows.cpp" />
    <ClCompile Include="Core\Components\CAnimationSpriteComponent.cpp" />
    <ClCompile Include="Core\Components\CParticleEmitter.cpp" />
    <ClCompile Include="Core\Entities\CParticle.cpp" />
    <ClCompile Include="Core\Engine.cpp" />
    <ClCompile Include="Core\Components\CCameraComponent.cpp" />
    <ClCompile Include="Core\Utility\Math\Math.cpp" />
    <ClCompile Include="Core\Utility\CameraManager\CameraManager.cpp" />
    <ClCompile Include="Core\AI\State.cpp" />
    <ClCompile Include="Core\AI\Pathfinding.cpp" />
    <ClCompile Include="Core\AI\CAIController.cpp" />
    <ClCompile Include="Core\AI\CAICharacter.cpp" />
  </ItemGroup>
  <ItemGroup>
    <ClInclude Include="Dependencies\Microsoft\DDSTextureLoader.h" />
    <CLInclude Include="resource.h" />
    <ClInclude Include="Core\Structs\structures.h" />
    <ClInclude Include="Dependencies\NlohmannJson\json.hpp">
      <Filter>Libraries</Filter>
    </ClInclude>
    <ClInclude Include="Core\Utility\Vector3.h" />
    <ClInclude Include="Core\Structs\CTexture.h" />
    <ClInclude Include="Core\CComponent.h" />
    <ClInclude Include="Core\Components\CSpriteComponent.h" />
    <ClInclude Include="Dependencies\IMGUI\imconfig.h" />
    <ClInclude Include="Dependencies\IMGUI\imgui.h" />
    <ClInclude Include="Dependencies\IMGUI\imgui_impl_dx11.h" />
    <ClInclude Include="Dependencies\IMGUI\imgui_impl_win32.h" />
    <ClInclude Include="Dependencies\IMGUI\imgui_internal.h" />
    <ClInclude Include="Dependencies\IMGUI\imstb_rectpack.h" />
    <ClInclude Include="Dependencies\IMGUI\imstb_textedit.h" />
    <ClInclude Include="Dependencies\IMGUI\imstb_truetype.h" />
    <ClInclude Include="Core\Engine.h" />
    <ClInclude Include="Core\Structs\CMesh.h" />
    <ClInclude Include="Core\Utility\DebugOutput\DebugOutput.h" />
    <ClInclude Include="Core\Utility\DebugOutput\Debug.h" />
    <ClInclude Include="Core\Environment\CTile.h">
      <Filter>World</Filter>
    </ClInclude>
    <ClInclude Include="Core\Environment\CWorld.h">
      <Filter>World</Filter>
    </ClInclude>
    <ClInclude Include="WorldConstants.h">
      <Filter>World</Filter>
    </ClInclude>
    <ClInclude Include="Core\Utility\AssetManager\AssetManager.h" />
    <ClInclude Include="Core\Structs\CMaterial.h" />
    <ClInclude Include="Tools\CT_EditorMain.h" />
    <ClInclude Include="Core\Environment\CWorld_Edit.h">
      <Filter>World</Filter>
    </ClInclude>
    <ClInclude Include="Core\Utility\EventSystem\EventSystem.h" />
    <ClInclude Include="Core\Structs\CCamera.h" />
    <ClInclude Include="Core\Utility\CTransform.h" />
    <ClInclude Include="Core\Utility\Audio\AudioController.h" />
    <ClInclude Include="Core\Utility\Audio\CAudio.h" />
    <ClInclude Include="Core\Components\CTextRenderComponent.h" />
    <ClInclude Include="Core\Environment\IInputable.h">
      <Filter>Player\testing</Filter>
    </ClInclude>
    <ClInclude Include="Core\Utility\InputManager\InputManager.h" />
    <ClInclude Include="Core\Utility\Audio\CEmitter.h" />
    <ClInclude Include="Core\Components\CAudioEmitterComponent.h" />
    <ClInclude Include="Dependencies\Microsoft\WICTextureLoader.h" />
    <ClInclude Include="Dependencies\Microsoft\DirectXHelpers.h" />
    <ClInclude Include="Dependencies\Microsoft\pch.h" />
    <ClInclude Include="Dependencies\Microsoft\PlatformHelpers.h" />
    <ClInclude Include="Dependencies\Microsoft\LoaderHelpers.h" />
    <ClInclude Include="Dependencies\Microsoft\DDS.h" />
    <ClInclude Include="Core\Utility\CollisionManager\CollisionComponent.h" />
    <ClInclude Include="Core\CEntity.h" />
    <ClInclude Include="Tools\CT_EditorGrid.h" />
    <ClInclude Include="Core\Environment\CGridCursor.h" />
    <ClInclude Include="Tools\CT_EditorWindows.h" />
    <ClInclude Include="Core\Components\CAnimationSpriteComponent.h" />
    <ClInclude Include="Core\Components\CParticleEmitter.h" />
    <ClInclude Include="Core\Entities\CParticle.h" />
    <ClInclude Include="Core\Utility\Math\Math.h" />
    <ClInclude Include="Core\Components\CCameraComponent.h" />
    <ClInclude Include="Core\Utility\CameraManager\CameraManager.h" />
    <ClInclude Include="Core\AI\State.h" />
    <ClInclude Include="Core\AI\Pathfinding.h" />
    <ClInclude Include="Core\AI\CAINode.h" />
    <ClInclude Include="Core\AI\CAIController.h" />
    <ClInclude Include="Core\AI\CAICharacter.h" />
  </ItemGroup>
  <ItemGroup>
    <ResourceCompile Include="Tutorial01.rc" />
  </ItemGroup>
  <ItemGroup>
    <Image Include="Resources\Unwalkable.dds" />
    <Image Include="Resources\Walkable.dds" />
  </ItemGroup>
  <ItemGroup>
    <Filter Include="World">
      <UniqueIdentifier>{13a05045-74e0-47de-8163-fc8bcc2138fe}</UniqueIdentifier>
    </Filter>
    <Filter Include="Libraries">
      <UniqueIdentifier>{9ad79631-f174-4bfd-ab35-a789576c5000}</UniqueIdentifier>
    </Filter>
    <Filter Include="Player">
      <UniqueIdentifier>{f0a27552-3208-4cb8-8231-5e45b54730c7}</UniqueIdentifier>
    </Filter>
    <Filter Include="Player\testing">
      <UniqueIdentifier>{e82ce74f-5eea-42f6-a1e1-74b25f042253}</UniqueIdentifier>
    </Filter>
    <Filter Include="Item">
      <UniqueIdentifier>{d28c029a-b89f-4730-a15a-d97e3f7f08f2}</UniqueIdentifier>
    </Filter>
    <Filter Include="Item\test">
      <UniqueIdentifier>{1cc6aaa3-e73c-4cc0-bbd9-5448516fee60}</UniqueIdentifier>
    </Filter>
  </ItemGroup>
  <ItemGroup>
    <None Include="packages.config" />
  </ItemGroup>
</Project>